{
  "name": "ractor-observable",
  "version": "1.0.0",
  "lockfileVersion": 1,
  "requires": true,
  "dependencies": {
    "eventemitter2": {
      "version": "4.1.2",
      "resolved": "https://registry.npmjs.org/eventemitter2/-/eventemitter2-4.1.2.tgz",
      "integrity": "sha1-DhqEd6+CGm7zmVsxG/dMI6UkfxU="
    },
    "js-actor": {
      "version": "1.1.3",
      "resolved": "https://registry.npmjs.org/js-actor/-/js-actor-1.1.3.tgz",
      "integrity": "sha512-/Eojh7k1uNu8r72PXM/XGJvvkIZ//EcOEDWNkhxeeJBLLE5j0EJm5uas8GDuSDgwCtrRNrSaP0n/C6pjqZTkEg==",
      "requires": {
        "eventemitter2": "4.1.2",
        "shortid": "2.2.8"
      }
    },
    "ractor": {
      "version": "1.0.10",
      "resolved": "https://registry.npmjs.org/ractor/-/ractor-1.0.10.tgz",
      "integrity": "sha512-FdFTGsIFy6p0lcc4mLZu3z7oQrjBJjD/J3MsmoD4Z/Zqx0dXMcxhRUY/rQ0o5qiQN3TCzUW/cCwaUR9Iw/O4qQ==",
      "requires": {
        "js-actor": "1.1.3"
      }
    },
    "rxjs": {
      "version": "5.5.10",
      "resolved": "https://registry.npmjs.org/rxjs/-/rxjs-5.5.10.tgz",
      "integrity": "sha512-SRjimIDUHJkon+2hFo7xnvNC4ZEHGzCRwh9P7nzX3zPkCGFEg/tuElrNR7L/rZMagnK2JeH2jQwPRpmyXyLB6A==",
      "requires": {
        "symbol-observable": "1.0.1"
      }
    },
    "shortid": {
      "version": "2.2.8",
      "resolved": "https://registry.npmjs.org/shortid/-/shortid-2.2.8.tgz",
      "integrity": "sha1-AzsRfWoul1gE9vCWnb59PQs1UTE="
    },
    "symbol-observable": {
      "version": "1.0.1",
      "resolved": "https://registry.npmjs.org/symbol-observable/-/symbol-observable-1.0.1.tgz",
      "integrity": "sha1-g0D8RwLDEi310iKI+IKD9RPT/dQ="
    }
  }
}
